
Microsoft Visual Studio Solution File, Format Version 12.00
# Visual Studio Version 16
VisualStudioVersion = 16.0.30523.141
MinimumVisualStudioVersion = 10.0.40219.1
Project("{FAE04EC0-301F-11D3-BF4B-00C04F79EFBC}") = "DevWorksCapstone", "DevWorksCapstone\DevWorksCapstone.csproj", "{C31E53F4-212A-41E9-A752-569433D97D0C}"
EndProject
Global
	GlobalSection(SolutionConfigurationPlatforms) = preSolution
		Debug|Any CPU = Debug|Any CPU
		Release|Any CPU = Release|Any CPU
	EndGlobalSection
	GlobalSection(ProjectConfigurationPlatforms) = postSolution
		{C31E53F4-212A-41E9-A752-569433D97D0C}.Debug|Any CPU.ActiveCfg = Debug|Any CPU
		{C31E53F4-212A-41E9-A752-569433D97D0C}.Debug|Any CPU.Build.0 = Debug|Any CPU
		{C31E53F4-212A-41E9-A752-569433D97D0C}.Release|Any CPU.ActiveCfg = Release|Any CPU
		{C31E53F4-212A-41E9-A752-569433D97D0C}.Release|Any CPU.Build.0 = Release|Any CPU
	EndGlobalSection
	GlobalSection(SolutionProperties) = preSolution
		HideSolutionNode = FALSE
	EndGlobalSection
	GlobalSection(ExtensibilityGlobals) = postSolution
		SolutionGuid = {B6FEC25F-89DD-4BE4-96FD-6208FD00D132}
	EndGlobalSection
EndGlobal
